
Microsoft Visual Studio Solution File, Format Version 12.00
# Visual Studio Version 17
VisualStudioVersion = 17.9.34616.47
MinimumVisualStudioVersion = 10.0.40219.1
Project("{FAE04EC0-301F-11D3-BF4B-00C04F79EFBC}") = "Empleados", "Empleados\Empleados.csproj", "{055A6EC5-2D7C-409A-BFD5-2DD788C8D3A9}"
EndProject
Global
	GlobalSection(SolutionConfigurationPlatforms) = preSolution
		Debug|Any CPU = Debug|Any CPU
		Release|Any CPU = Release|Any CPU
	EndGlobalSection
	GlobalSection(ProjectConfigurationPlatforms) = postSolution
		{055A6EC5-2D7C-409A-BFD5-2DD788C8D3A9}.Debug|Any CPU.ActiveCfg = Debug|Any CPU
		{055A6EC5-2D7C-409A-BFD5-2DD788C8D3A9}.Debug|Any CPU.Build.0 = Debug|Any CPU
		{055A6EC5-2D7C-409A-BFD5-2DD788C8D3A9}.Release|Any CPU.ActiveCfg = Release|Any CPU
		{055A6EC5-2D7C-409A-BFD5-2DD788C8D3A9}.Release|Any CPU.Build.0 = Release|Any CPU
	EndGlobalSection
	GlobalSection(SolutionProperties) = preSolution
		HideSolutionNode = FALSE
	EndGlobalSection
	GlobalSection(ExtensibilityGlobals) = postSolution
		SolutionGuid = {7AE0076A-D2CF-4BC3-B540-82D5E266D5B3}
	EndGlobalSection
EndGlobal
